
Microsoft Visual Studio Solution File, Format Version 12.00
# Visual Studio Version 17
VisualStudioVersion = 17.9.34723.18
MinimumVisualStudioVersion = 10.0.40219.1
Project("{FAE04EC0-301F-11D3-BF4B-00C04F79EFBC}") = "EFCorePeliculas", "EFCorePeliculas\EFCorePeliculas.csproj", "{B2EF5FE3-2058-4588-8E2F-4490960164FB}"
EndProject
Global
	GlobalSection(SolutionConfigurationPlatforms) = preSolution
		Debug|Any CPU = Debug|Any CPU
		Release|Any CPU = Release|Any CPU
	EndGlobalSection
	GlobalSection(ProjectConfigurationPlatforms) = postSolution
		{B2EF5FE3-2058-4588-8E2F-4490960164FB}.Debug|Any CPU.ActiveCfg = Debug|Any CPU
		{B2EF5FE3-2058-4588-8E2F-4490960164FB}.Debug|Any CPU.Build.0 = Debug|Any CPU
		{B2EF5FE3-2058-4588-8E2F-4490960164FB}.Release|Any CPU.ActiveCfg = Release|Any CPU
		{B2EF5FE3-2058-4588-8E2F-4490960164FB}.Release|Any CPU.Build.0 = Release|Any CPU
	EndGlobalSection
	GlobalSection(SolutionProperties) = preSolution
		HideSolutionNode = FALSE
	EndGlobalSection
	GlobalSection(ExtensibilityGlobals) = postSolution
		SolutionGuid = {7EAFD53A-7731-42FE-AB3A-5E060FD2DC43}
	EndGlobalSection
EndGlobal
