
Microsoft Visual Studio Solution File, Format Version 12.00
# Visual Studio Version 17
VisualStudioVersion = 17.9.34714.143
MinimumVisualStudioVersion = 10.0.40219.1
Project("{FAE04EC0-301F-11D3-BF4B-00C04F79EFBC}") = "Peliculas", "Peliculas\Peliculas.csproj", "{94A2047E-733E-4CF2-8E08-4AAFBC73DB11}"
EndProject
Global
	GlobalSection(SolutionConfigurationPlatforms) = preSolution
		Debug|Any CPU = Debug|Any CPU
		Release|Any CPU = Release|Any CPU
	EndGlobalSection
	GlobalSection(ProjectConfigurationPlatforms) = postSolution
		{94A2047E-733E-4CF2-8E08-4AAFBC73DB11}.Debug|Any CPU.ActiveCfg = Debug|Any CPU
		{94A2047E-733E-4CF2-8E08-4AAFBC73DB11}.Debug|Any CPU.Build.0 = Debug|Any CPU
		{94A2047E-733E-4CF2-8E08-4AAFBC73DB11}.Release|Any CPU.ActiveCfg = Release|Any CPU
		{94A2047E-733E-4CF2-8E08-4AAFBC73DB11}.Release|Any CPU.Build.0 = Release|Any CPU
	EndGlobalSection
	GlobalSection(SolutionProperties) = preSolution
		HideSolutionNode = FALSE
	EndGlobalSection
	GlobalSection(ExtensibilityGlobals) = postSolution
		SolutionGuid = {C92F3AE2-C696-4533-9E26-6841EA7ED424}
	EndGlobalSection
EndGlobal
